
Microsoft Visual Studio Solution File, Format Version 12.00
# Visual Studio Version 17
VisualStudioVersion = 17.0.31903.59
MinimumVisualStudioVersion = 10.0.40219.1
Project("{2150E333-8FDC-42A3-9474-1A3956D46DE8}") = "src", "src", "{FC72E385-DAD7-4B02-A661-FC4AE72338E2}"
EndProject
Project("{FAE04EC0-301F-11D3-BF4B-00C04F79EFBC}") = "DynamicForm", "src\DynamicForm\DynamicForm.csproj", "{5B9A7150-2BC7-4BD5-9387-99CFD84D7BA9}"
EndProject
Project("{FAE04EC0-301F-11D3-BF4B-00C04F79EFBC}") = "DynamicForm.AspCore", "src\DynamicForm.AspCore\DynamicForm.AspCore.csproj", "{DAFAF401-425F-42DF-9EA2-ECB971456531}"
EndProject
Project("{FAE04EC0-301F-11D3-BF4B-00C04F79EFBC}") = "DynamicForm.Tests", "src\DynamicForm.Tests\DynamicForm.Tests.csproj", "{8758040E-5F16-435B-A620-10368DA2A84E}"
EndProject
Project("{2150E333-8FDC-42A3-9474-1A3956D46DE8}") = "Samples", "Samples", "{DED6A302-668E-492B-8F71-039F64EF1B02}"
EndProject
Project("{FAE04EC0-301F-11D3-BF4B-00C04F79EFBC}") = "DynamicFormSample.AspCore", "src\Samples\DynamicFormSample.AspCore\DynamicFormSample.AspCore.csproj", "{C54710FB-A05D-4D12-90B3-2DD4FF7C6BC3}"
EndProject
Project("{FAE04EC0-301F-11D3-BF4B-00C04F79EFBC}") = "DynamicFormSample.Console", "src\Samples\DynamicFormSample.Console\DynamicFormSample.Console.csproj", "{B3E1F050-3816-4910-9AF0-D6BDB91A5A20}"
EndProject
Global
	GlobalSection(SolutionConfigurationPlatforms) = preSolution
		Debug|Any CPU = Debug|Any CPU
		Release|Any CPU = Release|Any CPU
	EndGlobalSection
	GlobalSection(SolutionProperties) = preSolution
		HideSolutionNode = FALSE
	EndGlobalSection
	GlobalSection(ProjectConfigurationPlatforms) = postSolution
		{5B9A7150-2BC7-4BD5-9387-99CFD84D7BA9}.Debug|Any CPU.ActiveCfg = Debug|Any CPU
		{5B9A7150-2BC7-4BD5-9387-99CFD84D7BA9}.Debug|Any CPU.Build.0 = Debug|Any CPU
		{5B9A7150-2BC7-4BD5-9387-99CFD84D7BA9}.Release|Any CPU.ActiveCfg = Release|Any CPU
		{5B9A7150-2BC7-4BD5-9387-99CFD84D7BA9}.Release|Any CPU.Build.0 = Release|Any CPU
		{DAFAF401-425F-42DF-9EA2-ECB971456531}.Debug|Any CPU.ActiveCfg = Debug|Any CPU
		{DAFAF401-425F-42DF-9EA2-ECB971456531}.Debug|Any CPU.Build.0 = Debug|Any CPU
		{DAFAF401-425F-42DF-9EA2-ECB971456531}.Release|Any CPU.ActiveCfg = Release|Any CPU
		{DAFAF401-425F-42DF-9EA2-ECB971456531}.Release|Any CPU.Build.0 = Release|Any CPU
		{8758040E-5F16-435B-A620-10368DA2A84E}.Debug|Any CPU.ActiveCfg = Debug|Any CPU
		{8758040E-5F16-435B-A620-10368DA2A84E}.Debug|Any CPU.Build.0 = Debug|Any CPU
		{8758040E-5F16-435B-A620-10368DA2A84E}.Release|Any CPU.ActiveCfg = Release|Any CPU
		{8758040E-5F16-435B-A620-10368DA2A84E}.Release|Any CPU.Build.0 = Release|Any CPU
		{C54710FB-A05D-4D12-90B3-2DD4FF7C6BC3}.Debug|Any CPU.ActiveCfg = Debug|Any CPU
		{C54710FB-A05D-4D12-90B3-2DD4FF7C6BC3}.Debug|Any CPU.Build.0 = Debug|Any CPU
		{C54710FB-A05D-4D12-90B3-2DD4FF7C6BC3}.Release|Any CPU.ActiveCfg = Release|Any CPU
		{C54710FB-A05D-4D12-90B3-2DD4FF7C6BC3}.Release|Any CPU.Build.0 = Release|Any CPU
		{B3E1F050-3816-4910-9AF0-D6BDB91A5A20}.Debug|Any CPU.ActiveCfg = Debug|Any CPU
		{B3E1F050-3816-4910-9AF0-D6BDB91A5A20}.Debug|Any CPU.Build.0 = Debug|Any CPU
		{B3E1F050-3816-4910-9AF0-D6BDB91A5A20}.Release|Any CPU.ActiveCfg = Release|Any CPU
		{B3E1F050-3816-4910-9AF0-D6BDB91A5A20}.Release|Any CPU.Build.0 = Release|Any CPU
	EndGlobalSection
	GlobalSection(NestedProjects) = preSolution
		{5B9A7150-2BC7-4BD5-9387-99CFD84D7BA9} = {FC72E385-DAD7-4B02-A661-FC4AE72338E2}
		{DAFAF401-425F-42DF-9EA2-ECB971456531} = {FC72E385-DAD7-4B02-A661-FC4AE72338E2}
		{8758040E-5F16-435B-A620-10368DA2A84E} = {FC72E385-DAD7-4B02-A661-FC4AE72338E2}
		{DED6A302-668E-492B-8F71-039F64EF1B02} = {FC72E385-DAD7-4B02-A661-FC4AE72338E2}
		{C54710FB-A05D-4D12-90B3-2DD4FF7C6BC3} = {DED6A302-668E-492B-8F71-039F64EF1B02}
		{B3E1F050-3816-4910-9AF0-D6BDB91A5A20} = {DED6A302-668E-492B-8F71-039F64EF1B02}
	EndGlobalSection
EndGlobal
